Microsoft Visual Studio Solution File, Format Version 12.00
# Visual Studio 2012
Project("{FAE04EC0-301F-11D3-BF4B-00C04F79EFBC}") = "DunjanTools", "DunjanTools.csproj", "{FDBF6C3B-67FE-4635-A17B-CF406F4F98C9}"
EndProject
Global
	GlobalSection(SolutionConfigurationPlatforms) = preSolution
	Debug|Any CPU = Debug|Any CPU
	ExportDebug|Any CPU = ExportDebug|Any CPU
	ExportRelease|Any CPU = ExportRelease|Any CPU
	EndGlobalSection
	GlobalSection(ProjectConfigurationPlatforms) = postSolution
		{FDBF6C3B-67FE-4635-A17B-CF406F4F98C9}.Debug|Any CPU.ActiveCfg = Debug|Any CPU
		{FDBF6C3B-67FE-4635-A17B-CF406F4F98C9}.Debug|Any CPU.Build.0 = Debug|Any CPU
		{FDBF6C3B-67FE-4635-A17B-CF406F4F98C9}.ExportDebug|Any CPU.ActiveCfg = ExportDebug|Any CPU
		{FDBF6C3B-67FE-4635-A17B-CF406F4F98C9}.ExportDebug|Any CPU.Build.0 = ExportDebug|Any CPU
		{FDBF6C3B-67FE-4635-A17B-CF406F4F98C9}.ExportRelease|Any CPU.ActiveCfg = ExportRelease|Any CPU
		{FDBF6C3B-67FE-4635-A17B-CF406F4F98C9}.ExportRelease|Any CPU.Build.0 = ExportRelease|Any CPU
	EndGlobalSection
EndGlobal
